
Microsoft Visual Studio Solution File, Format Version 12.00
# Visual Studio Version 17
VisualStudioVersion = 17.12.35527.113 d17.12
MinimumVisualStudioVersion = 10.0.40219.1
Project("{FAE04EC0-301F-11D3-BF4B-00C04F79EFBC}") = "Question 01", "Question 01\Question 01.csproj", "{1F46E551-FFA6-483D-9203-B9FCC199245F}"
EndProject
Project("{FAE04EC0-301F-11D3-BF4B-00C04F79EFBC}") = "Question 02", "Question 02\Question 02.csproj", "{687290FE-06E7-4062-8112-C10E63996C34}"
EndProject
Project("{FAE04EC0-301F-11D3-BF4B-00C04F79EFBC}") = "Question 03", "Question 03\Question 03.csproj", "{5C2F2B3F-531A-4E03-AFF1-DF8404F4B698}"
EndProject
Project("{FAE04EC0-301F-11D3-BF4B-00C04F79EFBC}") = "Question 04", "Question 04\Question 04.csproj", "{32B7E98A-3CEC-4B14-939D-B5E131A59E0F}"
EndProject
Project("{FAE04EC0-301F-11D3-BF4B-00C04F79EFBC}") = "Question 05", "Question 05\Question 05.csproj", "{676FFEFB-2016-4932-A2E9-8CA3BA51A92D}"
EndProject
Project("{FAE04EC0-301F-11D3-BF4B-00C04F79EFBC}") = "Question 06", "Question 06\Question 06.csproj", "{E8110D63-8173-47E6-877E-604A35EDC550}"
EndProject
Project("{FAE04EC0-301F-11D3-BF4B-00C04F79EFBC}") = "Question 07", "Question 07\Question 07.csproj", "{33123375-99AF-478D-9B19-FFA639D6EAEB}"
EndProject
Project("{FAE04EC0-301F-11D3-BF4B-00C04F79EFBC}") = "Question 08", "Question 08\Question 08.csproj", "{0494B83C-AC23-4CCB-98B1-5E54EA753716}"
EndProject
Project("{FAE04EC0-301F-11D3-BF4B-00C04F79EFBC}") = "Question 09", "Question 09\Question 09.csproj", "{968E4814-9430-4F9F-81F7-447D124FA200}"
EndProject
Project("{FAE04EC0-301F-11D3-BF4B-00C04F79EFBC}") = "Question 10", "Question 10\Question 10.csproj", "{8B62AA4D-E193-4C89-B644-2AED08930EB2}"
EndProject
Project("{FAE04EC0-301F-11D3-BF4B-00C04F79EFBC}") = "Question 11", "Question 11\Question 11.csproj", "{7CCBC95D-35C7-4662-B638-7037CE06BDC2}"
EndProject
Project("{FAE04EC0-301F-11D3-BF4B-00C04F79EFBC}") = "Question 12", "Question 12\Question 12.csproj", "{529C6621-E322-4729-AF3E-0BC47E907D0A}"
EndProject
Global
	GlobalSection(SolutionConfigurationPlatforms) = preSolution
		Debug|Any CPU = Debug|Any CPU
		Release|Any CPU = Release|Any CPU
	EndGlobalSection
	GlobalSection(ProjectConfigurationPlatforms) = postSolution
		{1F46E551-FFA6-483D-9203-B9FCC199245F}.Debug|Any CPU.ActiveCfg = Debug|Any CPU
		{1F46E551-FFA6-483D-9203-B9FCC199245F}.Debug|Any CPU.Build.0 = Debug|Any CPU
		{1F46E551-FFA6-483D-9203-B9FCC199245F}.Release|Any CPU.ActiveCfg = Release|Any CPU
		{1F46E551-FFA6-483D-9203-B9FCC199245F}.Release|Any CPU.Build.0 = Release|Any CPU
		{687290FE-06E7-4062-8112-C10E63996C34}.Debug|Any CPU.ActiveCfg = Debug|Any CPU
		{687290FE-06E7-4062-8112-C10E63996C34}.Debug|Any CPU.Build.0 = Debug|Any CPU
		{687290FE-06E7-4062-8112-C10E63996C34}.Release|Any CPU.ActiveCfg = Release|Any CPU
		{687290FE-06E7-4062-8112-C10E63996C34}.Release|Any CPU.Build.0 = Release|Any CPU
		{5C2F2B3F-531A-4E03-AFF1-DF8404F4B698}.Debug|Any CPU.ActiveCfg = Debug|Any CPU
		{5C2F2B3F-531A-4E03-AFF1-DF8404F4B698}.Debug|Any CPU.Build.0 = Debug|Any CPU
		{5C2F2B3F-531A-4E03-AFF1-DF8404F4B698}.Release|Any CPU.ActiveCfg = Release|Any CPU
		{5C2F2B3F-531A-4E03-AFF1-DF8404F4B698}.Release|Any CPU.Build.0 = Release|Any CPU
		{32B7E98A-3CEC-4B14-939D-B5E131A59E0F}.Debug|Any CPU.ActiveCfg = Debug|Any CPU
		{32B7E98A-3CEC-4B14-939D-B5E131A59E0F}.Debug|Any CPU.Build.0 = Debug|Any CPU
		{32B7E98A-3CEC-4B14-939D-B5E131A59E0F}.Release|Any CPU.ActiveCfg = Release|Any CPU
		{32B7E98A-3CEC-4B14-939D-B5E131A59E0F}.Release|Any CPU.Build.0 = Release|Any CPU
		{676FFEFB-2016-4932-A2E9-8CA3BA51A92D}.Debug|Any CPU.ActiveCfg = Debug|Any CPU
		{676FFEFB-2016-4932-A2E9-8CA3BA51A92D}.Debug|Any CPU.Build.0 = Debug|Any CPU
		{676FFEFB-2016-4932-A2E9-8CA3BA51A92D}.Release|Any CPU.ActiveCfg = Release|Any CPU
		{676FFEFB-2016-4932-A2E9-8CA3BA51A92D}.Release|Any CPU.Build.0 = Release|Any CPU
		{E8110D63-8173-47E6-877E-604A35EDC550}.Debug|Any CPU.ActiveCfg = Debug|Any CPU
		{E8110D63-8173-47E6-877E-604A35EDC550}.Debug|Any CPU.Build.0 = Debug|Any CPU
		{E8110D63-8173-47E6-877E-604A35EDC550}.Release|Any CPU.ActiveCfg = Release|Any CPU
		{E8110D63-8173-47E6-877E-604A35EDC550}.Release|Any CPU.Build.0 = Release|Any CPU
		{33123375-99AF-478D-9B19-FFA639D6EAEB}.Debug|Any CPU.ActiveCfg = Debug|Any CPU
		{33123375-99AF-478D-9B19-FFA639D6EAEB}.Debug|Any CPU.Build.0 = Debug|Any CPU
		{33123375-99AF-478D-9B19-FFA639D6EAEB}.Release|Any CPU.ActiveCfg = Release|Any CPU
		{33123375-99AF-478D-9B19-FFA639D6EAEB}.Release|Any CPU.Build.0 = Release|Any CPU
		{0494B83C-AC23-4CCB-98B1-5E54EA753716}.Debug|Any CPU.ActiveCfg = Debug|Any CPU
		{0494B83C-AC23-4CCB-98B1-5E54EA753716}.Debug|Any CPU.Build.0 = Debug|Any CPU
		{0494B83C-AC23-4CCB-98B1-5E54EA753716}.Release|Any CPU.ActiveCfg = Release|Any CPU
		{0494B83C-AC23-4CCB-98B1-5E54EA753716}.Release|Any CPU.Build.0 = Release|Any CPU
		{968E4814-9430-4F9F-81F7-447D124FA200}.Debug|Any CPU.ActiveCfg = Debug|Any CPU
		{968E4814-9430-4F9F-81F7-447D124FA200}.Debug|Any CPU.Build.0 = Debug|Any CPU
		{968E4814-9430-4F9F-81F7-447D124FA200}.Release|Any CPU.ActiveCfg = Release|Any CPU
		{968E4814-9430-4F9F-81F7-447D124FA200}.Release|Any CPU.Build.0 = Release|Any CPU
		{8B62AA4D-E193-4C89-B644-2AED08930EB2}.Debug|Any CPU.ActiveCfg = Debug|Any CPU
		{8B62AA4D-E193-4C89-B644-2AED08930EB2}.Debug|Any CPU.Build.0 = Debug|Any CPU
		{8B62AA4D-E193-4C89-B644-2AED08930EB2}.Release|Any CPU.ActiveCfg = Release|Any CPU
		{8B62AA4D-E193-4C89-B644-2AED08930EB2}.Release|Any CPU.Build.0 = Release|Any CPU
		{7CCBC95D-35C7-4662-B638-7037CE06BDC2}.Debug|Any CPU.ActiveCfg = Debug|Any CPU
		{7CCBC95D-35C7-4662-B638-7037CE06BDC2}.Debug|Any CPU.Build.0 = Debug|Any CPU
		{7CCBC95D-35C7-4662-B638-7037CE06BDC2}.Release|Any CPU.ActiveCfg = Release|Any CPU
		{7CCBC95D-35C7-4662-B638-7037CE06BDC2}.Release|Any CPU.Build.0 = Release|Any CPU
		{529C6621-E322-4729-AF3E-0BC47E907D0A}.Debug|Any CPU.ActiveCfg = Debug|Any CPU
		{529C6621-E322-4729-AF3E-0BC47E907D0A}.Debug|Any CPU.Build.0 = Debug|Any CPU
		{529C6621-E322-4729-AF3E-0BC47E907D0A}.Release|Any CPU.ActiveCfg = Release|Any CPU
		{529C6621-E322-4729-AF3E-0BC47E907D0A}.Release|Any CPU.Build.0 = Release|Any CPU
	EndGlobalSection
	GlobalSection(SolutionProperties) = preSolution
		HideSolutionNode = FALSE
	EndGlobalSection
EndGlobal
